
Microsoft Visual Studio Solution File, Format Version 12.00
# Visual Studio Version 17
VisualStudioVersion = 17.2.32526.322
MinimumVisualStudioVersion = 10.0.40219.1
Project("{FAE04EC0-301F-11D3-BF4B-00C04F79EFBC}") = "WPF-with-no-framework", "WPF-with-no-framework.csproj", "{90FD1658-546F-4651-97B8-C8479CE783F4}"
EndProject
Global
	GlobalSection(SolutionConfigurationPlatforms) = preSolution
		Debug|Any CPU = Debug|Any CPU
		Release|Any CPU = Release|Any CPU
	EndGlobalSection
	GlobalSection(ProjectConfigurationPlatforms) = postSolution
		{90FD1658-546F-4651-97B8-C8479CE783F4}.Debug|Any CPU.ActiveCfg = Debug|Any CPU
		{90FD1658-546F-4651-97B8-C8479CE783F4}.Debug|Any CPU.Build.0 = Debug|Any CPU
		{90FD1658-546F-4651-97B8-C8479CE783F4}.Release|Any CPU.ActiveCfg = Release|Any CPU
		{90FD1658-546F-4651-97B8-C8479CE783F4}.Release|Any CPU.Build.0 = Release|Any CPU
	EndGlobalSection
	GlobalSection(SolutionProperties) = preSolution
		HideSolutionNode = FALSE
	EndGlobalSection
	GlobalSection(ExtensibilityGlobals) = postSolution
		SolutionGuid = {624713AE-4E73-484A-9236-F8F8FACE10E5}
	EndGlobalSection
EndGlobal
